
Microsoft Visual Studio Solution File, Format Version 12.00
# Visual Studio Version 17
VisualStudioVersion = 17.3.32929.385
MinimumVisualStudioVersion = 10.0.40219.1
Project("{9A19103F-16F7-4668-BE54-9A1E7A4F7556}") = "targil0", "targil0\targil0.csproj", "{0F8AACC7-9730-4A6B-90FF-757E872406A0}"
EndProject
Project("{2150E333-8FDC-42A3-9474-1A3956D46DE8}") = "Solution Items", "Solution Items", "{D790603B-67F0-42DF-89F0-B052E836FF77}"
	ProjectSection(SolutionItems) = preProject
		..\README.md = ..\README.md
	EndProjectSection
EndProject
Project("{2150E333-8FDC-42A3-9474-1A3956D46DE8}") = "Solution Items (2)", "Solution Items (2)", "{E183B955-95A3-4389-B752-90CAB64C2C9C}"
	ProjectSection(SolutionItems) = preProject
		..\README.md = ..\README.md
	EndProjectSection
EndProject
Project("{9A19103F-16F7-4668-BE54-9A1E7A4F7556}") = "DalFacade", "DalFacade\DalFacade.csproj", "{D4429284-2918-4DC1-9393-2F4B8586B24A}"
EndProject
Project("{9A19103F-16F7-4668-BE54-9A1E7A4F7556}") = "DalList", "DalList\DalList.csproj", "{E80A048F-3FD9-4029-9524-60620C7ACBC3}"
EndProject
Project("{9A19103F-16F7-4668-BE54-9A1E7A4F7556}") = "DalTest", "DalTest\DalTest.csproj", "{03B2BBB9-611A-46B2-8014-AFC9BCFF71C4}"
	ProjectSection(ProjectDependencies) = postProject
		{AEBD1FB7-7E0F-4053-AEFE-3ED5D973F391} = {AEBD1FB7-7E0F-4053-AEFE-3ED5D973F391}
	EndProjectSection
EndProject
Project("{9A19103F-16F7-4668-BE54-9A1E7A4F7556}") = "BL", "BL\BL.csproj", "{76FBFF4E-04AE-473A-ACCB-E2B535292C1A}"
	ProjectSection(ProjectDependencies) = postProject
		{AEBD1FB7-7E0F-4053-AEFE-3ED5D973F391} = {AEBD1FB7-7E0F-4053-AEFE-3ED5D973F391}
	EndProjectSection
EndProject
Project("{9A19103F-16F7-4668-BE54-9A1E7A4F7556}") = "BlTest", "BlTest\BlTest.csproj", "{753FF6B0-9895-4BFA-859F-B3DED491A504}"
EndProject
Project("{9A19103F-16F7-4668-BE54-9A1E7A4F7556}") = "PL", "WPF\PL.csproj", "{8518050A-F72D-43A5-8038-E75AFE24D41A}"
	ProjectSection(ProjectDependencies) = postProject
		{4ED739EC-42D3-4B2E-90A1-3C210FCA393E} = {4ED739EC-42D3-4B2E-90A1-3C210FCA393E}
	EndProjectSection
EndProject
Project("{2150E333-8FDC-42A3-9474-1A3956D46DE8}") = "xml", "xml", "{8DCEE689-DBB9-4502-83A8-0F851B8A01D0}"
	ProjectSection(SolutionItems) = preProject
		xml\Config.xml = xml\Config.xml
		xml\dal-config.xml = xml\dal-config.xml
		xml\Order.xml = xml\Order.xml
		xml\OrderItem.xml = xml\OrderItem.xml
		xml\Product.xml = xml\Product.xml
	EndProjectSection
EndProject
Project("{9A19103F-16F7-4668-BE54-9A1E7A4F7556}") = "DalXml", "DalXml\DalXml.csproj", "{AEBD1FB7-7E0F-4053-AEFE-3ED5D973F391}"
	ProjectSection(ProjectDependencies) = postProject
		{D4429284-2918-4DC1-9393-2F4B8586B24A} = {D4429284-2918-4DC1-9393-2F4B8586B24A}
	EndProjectSection
EndProject
Project("{FAE04EC0-301F-11D3-BF4B-00C04F79EFBC}") = "Simulator", "Simulator\Simulator.csproj", "{4ED739EC-42D3-4B2E-90A1-3C210FCA393E}"
	ProjectSection(ProjectDependencies) = postProject
		{76FBFF4E-04AE-473A-ACCB-E2B535292C1A} = {76FBFF4E-04AE-473A-ACCB-E2B535292C1A}
	EndProjectSection
EndProject
Global
	GlobalSection(SolutionConfigurationPlatforms) = preSolution
		Debug|Any CPU = Debug|Any CPU
		Release|Any CPU = Release|Any CPU
	EndGlobalSection
	GlobalSection(ProjectConfigurationPlatforms) = postSolution
		{0F8AACC7-9730-4A6B-90FF-757E872406A0}.Debug|Any CPU.ActiveCfg = Debug|Any CPU
		{0F8AACC7-9730-4A6B-90FF-757E872406A0}.Debug|Any CPU.Build.0 = Debug|Any CPU
		{0F8AACC7-9730-4A6B-90FF-757E872406A0}.Release|Any CPU.ActiveCfg = Release|Any CPU
		{0F8AACC7-9730-4A6B-90FF-757E872406A0}.Release|Any CPU.Build.0 = Release|Any CPU
		{D4429284-2918-4DC1-9393-2F4B8586B24A}.Debug|Any CPU.ActiveCfg = Debug|Any CPU
		{D4429284-2918-4DC1-9393-2F4B8586B24A}.Debug|Any CPU.Build.0 = Debug|Any CPU
		{D4429284-2918-4DC1-9393-2F4B8586B24A}.Release|Any CPU.ActiveCfg = Release|Any CPU
		{D4429284-2918-4DC1-9393-2F4B8586B24A}.Release|Any CPU.Build.0 = Release|Any CPU
		{E80A048F-3FD9-4029-9524-60620C7ACBC3}.Debug|Any CPU.ActiveCfg = Debug|Any CPU
		{E80A048F-3FD9-4029-9524-60620C7ACBC3}.Debug|Any CPU.Build.0 = Debug|Any CPU
		{E80A048F-3FD9-4029-9524-60620C7ACBC3}.Release|Any CPU.ActiveCfg = Release|Any CPU
		{E80A048F-3FD9-4029-9524-60620C7ACBC3}.Release|Any CPU.Build.0 = Release|Any CPU
		{03B2BBB9-611A-46B2-8014-AFC9BCFF71C4}.Debug|Any CPU.ActiveCfg = Debug|Any CPU
		{03B2BBB9-611A-46B2-8014-AFC9BCFF71C4}.Debug|Any CPU.Build.0 = Debug|Any CPU
		{03B2BBB9-611A-46B2-8014-AFC9BCFF71C4}.Release|Any CPU.ActiveCfg = Release|Any CPU
		{03B2BBB9-611A-46B2-8014-AFC9BCFF71C4}.Release|Any CPU.Build.0 = Release|Any CPU
		{76FBFF4E-04AE-473A-ACCB-E2B535292C1A}.Debug|Any CPU.ActiveCfg = Debug|Any CPU
		{76FBFF4E-04AE-473A-ACCB-E2B535292C1A}.Debug|Any CPU.Build.0 = Debug|Any CPU
		{76FBFF4E-04AE-473A-ACCB-E2B535292C1A}.Release|Any CPU.ActiveCfg = Release|Any CPU
		{76FBFF4E-04AE-473A-ACCB-E2B535292C1A}.Release|Any CPU.Build.0 = Release|Any CPU
		{753FF6B0-9895-4BFA-859F-B3DED491A504}.Debug|Any CPU.ActiveCfg = Debug|Any CPU
		{753FF6B0-9895-4BFA-859F-B3DED491A504}.Debug|Any CPU.Build.0 = Debug|Any CPU
		{753FF6B0-9895-4BFA-859F-B3DED491A504}.Release|Any CPU.ActiveCfg = Release|Any CPU
		{753FF6B0-9895-4BFA-859F-B3DED491A504}.Release|Any CPU.Build.0 = Release|Any CPU
		{8518050A-F72D-43A5-8038-E75AFE24D41A}.Debug|Any CPU.ActiveCfg = Debug|Any CPU
		{8518050A-F72D-43A5-8038-E75AFE24D41A}.Debug|Any CPU.Build.0 = Debug|Any CPU
		{8518050A-F72D-43A5-8038-E75AFE24D41A}.Release|Any CPU.ActiveCfg = Release|Any CPU
		{8518050A-F72D-43A5-8038-E75AFE24D41A}.Release|Any CPU.Build.0 = Release|Any CPU
		{AEBD1FB7-7E0F-4053-AEFE-3ED5D973F391}.Debug|Any CPU.ActiveCfg = Debug|Any CPU
		{AEBD1FB7-7E0F-4053-AEFE-3ED5D973F391}.Debug|Any CPU.Build.0 = Debug|Any CPU
		{AEBD1FB7-7E0F-4053-AEFE-3ED5D973F391}.Release|Any CPU.ActiveCfg = Release|Any CPU
		{AEBD1FB7-7E0F-4053-AEFE-3ED5D973F391}.Release|Any CPU.Build.0 = Release|Any CPU
		{4ED739EC-42D3-4B2E-90A1-3C210FCA393E}.Debug|Any CPU.ActiveCfg = Debug|Any CPU
		{4ED739EC-42D3-4B2E-90A1-3C210FCA393E}.Debug|Any CPU.Build.0 = Debug|Any CPU
		{4ED739EC-42D3-4B2E-90A1-3C210FCA393E}.Release|Any CPU.ActiveCfg = Release|Any CPU
		{4ED739EC-42D3-4B2E-90A1-3C210FCA393E}.Release|Any CPU.Build.0 = Release|Any CPU
	EndGlobalSection
	GlobalSection(SolutionProperties) = preSolution
		HideSolutionNode = FALSE
	EndGlobalSection
	GlobalSection(ExtensibilityGlobals) = postSolution
		SolutionGuid = {DE313711-7F7D-4968-9E15-C3DFFC252063}
	EndGlobalSection
EndGlobal
